// !$*UTF8*$!
{
	archiveVersion = 1;
	classes = {
	};
	objectVersion = 48;
	objects = {

/* Begin PBXBuildFile section */
		33D0000D1FB650C600F8490C /* AppDelegate.swift in Sources */ = {isa = PBXBuildFile; fileRef = 33D0000C1FB650C600F8490C /* AppDelegate.swift */; };
		33D0000F1FB650C600F8490C /* ViewController.swift in Sources */ = {isa = PBXBuildFile; fileRef = 33D0000E1FB650C600F8490C /* ViewController.swift */; };
		33D000121FB650C600F8490C /* Main.storyboard in Resources */ = {isa = PBXBuildFile; fileRef = 33D000101FB650C600F8490C /* Main.storyboard */; };
		33D000151FB650C600F8490C /* BinaryCounter4.xcdatamodeld in Sources */ = {isa = PBXBuildFile; fileRef = 33D000131FB650C600F8490C /* BinaryCounter4.xcdatamodeld */; };
		33D000171FB650C600F8490C /* Assets.xcassets in Resources */ = {isa = PBXBuildFile; fileRef = 33D000161FB650C600F8490C /* Assets.xcassets */; };
		33D0001A1FB650C600F8490C /* LaunchScreen.storyboard in Resources */ = {isa = PBXBuildFile; fileRef = 33D000181FB650C600F8490C /* LaunchScreen.storyboard */; };
		33D000251FB650C600F8490C /* BinaryCounter4Tests.swift in Sources */ = {isa = PBXBuildFile; fileRef = 33D000241FB650C600F8490C /* BinaryCounter4Tests.swift */; };
		33D000301FB650C600F8490C /* BinaryCounter4UITests.swift in Sources */ = {isa = PBXBuildFile; fileRef = 33D0002F1FB650C600F8490C /* BinaryCounter4UITests.swift */; };
		33D0003E1FB6539E00F8490C /* BinaryTableViewCell.swift in Sources */ = {isa = PBXBuildFile; fileRef = 33D0003D1FB6539E00F8490C /* BinaryTableViewCell.swift */; };
/* End PBXBuildFile section */

/* Begin PBXContainerItemProxy section */
		33D000211FB650C600F8490C /* PBXContainerItemProxy */ = {
			isa = PBXContainerItemProxy;
			containerPortal = 33D000011FB650C600F8490C /* Project object */;
			proxyType = 1;
			remoteGlobalIDString = 33D000081FB650C600F8490C;
			remoteInfo = BinaryCounter4;
		};
		33D0002C1FB650C600F8490C /* PBXContainerItemProxy */ = {
			isa = PBXContainerItemProxy;
			containerPortal = 33D000011FB650C600F8490C /* Project object */;
			proxyType = 1;
			remoteGlobalIDString = 33D000081FB650C600F8490C;
			remoteInfo = BinaryCounter4;
		};
/* End PBXContainerItemProxy section */

/* Begin PBXFileReference section */
		33D000091FB650C600F8490C /* BinaryCounter4.app */ = {isa = PBXFileReference; explicitFileType = wrapper.application; includeInIndex = 0; path = BinaryCounter4.app; sourceTree = BUILT_PRODUCTS_DIR; };
		33D0000C1FB650C600F8490C /* AppDelegate.swift */ = {isa = PBXFileReference; lastKnownFileType = sourcecode.swift; path = AppDelegate.swift; sourceTree = "<group>"; };
		33D0000E1FB650C600F8490C /* ViewController.swift */ = {isa = PBXFileReference; lastKnownFileType = sourcecode.swift; path = ViewController.swift; sourceTree = "<group>"; };
		33D000111FB650C600F8490C /* Base */ = {isa = PBXFileReference; lastKnownFileType = file.storyboard; name = Base; path = Base.lproj/Main.storyboard; sourceTree = "<group>"; };
		33D000141FB650C600F8490C /* BinaryCounter4.xcdatamodel */ = {isa = PBXFileReference; lastKnownFileType = wrapper.xcdatamodel; path = BinaryCounter4.xcdatamodel; sourceTree = "<group>"; };
		33D000161FB650C600F8490C /* Assets.xcassets */ = {isa = PBXFileReference; lastKnownFileType = folder.assetcatalog; path = Assets.xcassets; sourceTree = "<group>"; };
		33D000191FB650C600F8490C /* Base */ = {isa = PBXFileReference; lastKnownFileType = file.storyboard; name = Base; path = Base.lproj/LaunchScreen.storyboard; sourceTree = "<group>"; };
		33D0001B1FB650C600F8490C /* Info.plist */ = {isa = PBXFileReference; lastKnownFileType = text.plist.xml; path = Info.plist; sourceTree = "<group>"; };
		33D000201FB650C600F8490C /* BinaryCounter4Tests.xctest */ = {isa = PBXFileReference; explicitFileType = wrapper.cfbundle; includeInIndex = 0; path = BinaryCounter4Tests.xctest; sourceTree = BUILT_PRODUCTS_DIR; };
		33D000241FB650C600F8490C /* BinaryCounter4Tests.swift */ = {isa = PBXFileReference; lastKnownFileType = sourcecode.swift; path = BinaryCounter4Tests.swift; sourceTree = "<group>"; };
		33D000261FB650C600F8490C /* Info.plist */ = {isa = PBXFileReference; lastKnownFileType = text.plist.xml; path = Info.plist; sourceTree = "<group>"; };
		33D0002B1FB650C600F8490C /* BinaryCounter4UITests.xctest */ = {isa = PBXFileReference; explicitFileType = wrapper.cfbundle; includeInIndex = 0; path = BinaryCounter4UITests.xctest; sourceTree = BUILT_PRODUCTS_DIR; };
		33D0002F1FB650C600F8490C /* BinaryCounter4UITests.swift */ = {isa = PBXFileReference; lastKnownFileType = sourcecode.swift; path = BinaryCounter4UITests.swift; sourceTree = "<group>"; };
		33D000311FB650C600F8490C /* Info.plist */ = {isa = PBXFileReference; lastKnownFileType = text.plist.xml; path = Info.plist; sourceTree = "<group>"; };
		33D0003D1FB6539E00F8490C /* BinaryTableViewCell.swift */ = {isa = PBXFileReference; lastKnownFileType = sourcecode.swift; path = BinaryTableViewCell.swift; sourceTree = "<group>"; };
/* End PBXFileReference section */

/* Begin PBXFrameworksBuildPhase section */
		33D000061FB650C600F8490C /* Frameworks */ = {
			isa = PBXFrameworksBuildPhase;
			buildActionMask = 2147483647;
			files = (
			);
			runOnlyForDeploymentPostprocessing = 0;
		};
		33D0001D1FB650C600F8490C /* Frameworks */ = {
			isa = PBXFrameworksBuildPhase;
			buildActionMask = 2147483647;
			files = (
			);
			runOnlyForDeploymentPostprocessing = 0;
		};
		33D000281FB650C600F8490C /* Frameworks */ = {
			isa = PBXFrameworksBuildPhase;
			buildActionMask = 2147483647;
			files = (
			);
			runOnlyForDeploymentPostprocessing = 0;
		};
/* End PBXFrameworksBuildPhase section */

/* Begin PBXGroup section */
		33D000001FB650C600F8490C = {
			isa = PBXGroup;
			children = (
				33D0000B1FB650C600F8490C /* BinaryCounter4 */,
				33D000231FB650C600F8490C /* BinaryCounter4Tests */,
				33D0002E1FB650C600F8490C /* BinaryCounter4UITests */,
				33D0000A1FB650C600F8490C /* Products */,
			);
			sourceTree = "<group>";
		};
		33D0000A1FB650C600F8490C /* Products */ = {
			isa = PBXGroup;
			children = (
				33D000091FB650C600F8490C /* BinaryCounter4.app */,
				33D000201FB650C600F8490C /* BinaryCounter4Tests.xctest */,
				33D0002B1FB650C600F8490C /* BinaryCounter4UITests.xctest */,
			);
			name = Products;
			sourceTree = "<group>";
		};
		33D0000B1FB650C600F8490C /* BinaryCounter4 */ = {
			isa = PBXGroup;
			children = (
				33D0000C1FB650C600F8490C /* AppDelegate.swift */,
				33D0000E1FB650C600F8490C /* ViewController.swift */,
				33D000101FB650C600F8490C /* Main.storyboard */,
				33D000161FB650C600F8490C /* Assets.xcassets */,
				33D000181FB650C600F8490C /* LaunchScreen.storyboard */,
				33D0001B1FB650C600F8490C /* Info.plist */,
				33D000131FB650C600F8490C /* BinaryCounter4.xcdatamodeld */,
				33D0003D1FB6539E00F8490C /* BinaryTableViewCell.swift */,
			);
			path = BinaryCounter4;
			sourceTree = "<group>";
		};
		33D000231FB650C600F8490C /* BinaryCounter4Tests */ = {
			isa = PBXGroup;
			children = (
				33D000241FB650C600F8490C /* BinaryCounter4Tests.swift */,
				33D000261FB650C600F8490C /* Info.plist */,
			);
			path = BinaryCounter4Tests;
			sourceTree = "<group>";
		};
		33D0002E1FB650C600F8490C /* BinaryCounter4UITests */ = {
			isa = PBXGroup;
			children = (
				33D0002F1FB650C600F8490C /* BinaryCounter4UITests.swift */,
				33D000311FB650C600F8490C /* Info.plist */,
			);
			path = BinaryCounter4UITests;
			sourceTree = "<group>";
		};
/* End PBXGroup section */

/* Begin PBXNativeTarget section */
		33D000081FB650C600F8490C /* BinaryCounter4 */ = {
			isa = PBXNativeTarget;
			buildConfigurationList = 33D000341FB650C600F8490C /* Build configuration list for PBXNativeTarget "BinaryCounter4" */;
			buildPhases = (
				33D000051FB650C600F8490C /* Sources */,
				33D000061FB650C600F8490C /* Frameworks */,
				33D000071FB650C600F8490C /* Resources */,
			);
			buildRules = (
			);
			dependencies = (
			);
			name = BinaryCounter4;
			productName = BinaryCounter4;
			productReference = 33D000091FB650C600F8490C /* BinaryCounter4.app */;
			productType = "com.apple.product-type.application";
		};
		33D0001F1FB650C600F8490C /* BinaryCounter4Tests */ = {
			isa = PBXNativeTarget;
			buildConfigurationList = 33D000371FB650C600F8490C /* Build configuration list for PBXNativeTarget "BinaryCounter4Tests" */;
			buildPhases = (
				33D0001C1FB650C600F8490C /* Sources */,
				33D0001D1FB650C600F8490C /* Frameworks */,
				33D0001E1FB650C600F8490C /* Resources */,
			);
			buildRules = (
			);
			dependencies = (
				33D000221FB650C600F8490C /* PBXTargetDependency */,
			);
			name = BinaryCounter4Tests;
			productName = BinaryCounter4Tests;
			productReference = 33D000201FB650C600F8490C /* BinaryCounter4Tests.xctest */;
			productType = "com.apple.product-type.bundle.unit-test";
		};
		33D0002A1FB650C600F8490C /* BinaryCounter4UITests */ = {
			isa = PBXNativeTarget;
			buildConfigurationList = 33D0003A1FB650C600F8490C /* Build configuration list for PBXNativeTarget "BinaryCounter4UITests" */;
			buildPhases = (
				33D000271FB650C600F8490C /* Sources */,
				33D000281FB650C600F8490C /* Frameworks */,
				33D000291FB650C600F8490C /* Resources */,
			);
			buildRules = (
			);
			dependencies = (
				33D0002D1FB650C600F8490C /* PBXTargetDependency */,
			);
			name = BinaryCounter4UITests;
			productName = BinaryCounter4UITests;
			productReference = 33D0002B1FB650C600F8490C /* BinaryCounter4UITests.xctest */;
			productType = "com.apple.product-type.bundle.ui-testing";
		};
/* End PBXNativeTarget section */

/* Begin PBXProject section */
		33D000011FB650C600F8490C /* Project object */ = {
			isa = PBXProject;
			attributes = {
				LastSwiftUpdateCheck = 0900;
				LastUpgradeCheck = 0900;
				ORGANIZATIONNAME = "Kioja Kudumu";
				TargetAttributes = {
					33D000081FB650C600F8490C = {
						CreatedOnToolsVersion = 9.0.1;
						ProvisioningStyle = Automatic;
					};
					33D0001F1FB650C600F8490C = {
						CreatedOnToolsVersion = 9.0.1;
						ProvisioningStyle = Automatic;
						TestTargetID = 33D000081FB650C600F8490C;
					};
					33D0002A1FB650C600F8490C = {
						CreatedOnToolsVersion = 9.0.1;
						ProvisioningStyle = Automatic;
						TestTargetID = 33D000081FB650C600F8490C;
					};
				};
			};
			buildConfigurationList = 33D000041FB650C600F8490C /* Build configuration list for PBXProject "BinaryCounter4" */;
			compatibilityVersion = "Xcode 8.0";
			developmentRegion = en;
			hasScannedForEncodings = 0;
			knownRegions = (
				en,
				Base,
			);
			mainGroup = 33D000001FB650C600F8490C;
			productRefGroup = 33D0000A1FB650C600F8490C /* Products */;
			projectDirPath = "";
			projectRoot = "";
			targets = (
				33D000081FB650C600F8490C /* BinaryCounter4 */,
				33D0001F1FB650C600F8490C /* BinaryCounter4Tests */,
				33D0002A1FB650C600F8490C /* BinaryCounter4UITests */,
			);
		};
/* End PBXProject section */

/* Begin PBXResourcesBuildPhase section */
		33D000071FB650C600F8490C /* Resources */ = {
			isa = PBXResourcesBuildPhase;
			buildActionMask = 2147483647;
			files = (
				33D0001A1FB650C600F8490C /* LaunchScreen.storyboard in Resources */,
				33D000171FB650C600F8490C /* Assets.xcassets in Resources */,
				33D000121FB650C600F8490C /* Main.storyboard in Resources */,
			);
			runOnlyForDeploymentPostprocessing = 0;
		};
		33D0001E1FB650C600F8490C /* Resources */ = {
			isa = PBXResourcesBuildPhase;
			buildActionMask = 2147483647;
			files = (
			);
			runOnlyForDeploymentPostprocessing = 0;
		};
		33D000291FB650C600F8490C /* Resources */ = {
			isa = PBXResourcesBuildPhase;
			buildActionMask = 2147483647;
			files = (
			);
			runOnlyForDeploymentPostprocessing = 0;
		};
/* End PBXResourcesBuildPhase section */

/* Begin PBXSourcesBuildPhase section */
		33D000051FB650C600F8490C /* Sources */ = {
			isa = PBXSourcesBuildPhase;
			buildActionMask = 2147483647;
			files = (
				33D0003E1FB6539E00F8490C /* BinaryTableViewCell.swift in Sources */,
				33D0000F1FB650C600F8490C /* ViewController.swift in Sources */,
				33D0000D1FB650C600F8490C /* AppDelegate.swift in Sources */,
				33D000151FB650C600F8490C /* BinaryCounter4.xcdatamodeld in Sources */,
			);
			runOnlyForDeploymentPostprocessing = 0;
		};
		33D0001C1FB650C600F8490C /* Sources */ = {
			isa = PBXSourcesBuildPhase;
			buildActionMask = 2147483647;
			files = (
				33D000251FB650C600F8490C /* BinaryCounter4Tests.swift in Sources */,
			);
			runOnlyForDeploymentPostprocessing = 0;
		};
		33D000271FB650C600F8490C /* Sources */ = {
			isa = PBXSourcesBuildPhase;
			buildActionMask = 2147483647;
			files = (
				33D000301FB650C600F8490C /* BinaryCounter4UITests.swift in Sources */,
			);
			runOnlyForDeploymentPostprocessing = 0;
		};
/* End PBXSourcesBuildPhase section */

/* Begin PBXTargetDependency section */
		33D000221FB650C600F8490C /* PBXTargetDependency */ = {
			isa = PBXTargetDependency;
			target = 33D000081FB650C600F8490C /* BinaryCounter4 */;
			targetProxy = 33D000211FB650C600F8490C /* PBXContainerItemProxy */;
		};
		33D0002D1FB650C600F8490C /* PBXTargetDependency */ = {
			isa = PBXTargetDependency;
			target = 33D000081FB650C600F8490C /* BinaryCounter4 */;
			targetProxy = 33D0002C1FB650C600F8490C /* PBXContainerItemProxy */;
		};
/* End PBXTargetDependency section */

/* Begin PBXVariantGroup section */
		33D000101FB650C600F8490C /* Main.storyboard */ = {
			isa = PBXVariantGroup;
			children = (
				33D000111FB650C600F8490C /* Base */,
			);
			name = Main.storyboard;
			sourceTree = "<group>";
		};
		33D000181FB650C600F8490C /* LaunchScreen.storyboard */ = {
			isa = PBXVariantGroup;
			children = (
				33D000191FB650C600F8490C /* Base */,
			);
			name = LaunchScreen.storyboard;
			sourceTree = "<group>";
		};
/* End PBXVariantGroup section */

/* Begin XCBuildConfiguration section */
		33D000321FB650C600F8490C /* Debug */ = {
			isa = XCBuildConfiguration;
			buildSettings = {
				ALWAYS_SEARCH_USER_PATHS = NO;
				CLANG_ANALYZER_NONNULL = YES;
				CLANG_ANALYZER_NUMBER_OBJECT_CONVERSION = YES_AGGRESSIVE;
				CLANG_CXX_LANGUAGE_STANDARD = "gnu++14";
				CLANG_CXX_LIBRARY = "libc++";
				CLANG_ENABLE_MODULES = YES;
				CLANG_ENABLE_OBJC_ARC = YES;
				CLANG_WARN_BLOCK_CAPTURE_AUTORELEASING = YES;
				CLANG_WARN_BOOL_CONVERSION = YES;
				CLANG_WARN_COMMA = YES;
				CLANG_WARN_CONSTANT_CONVERSION = YES;
				CLANG_WARN_DIRECT_OBJC_ISA_USAGE = YES_ERROR;
				CLANG_WARN_DOCUMENTATION_COMMENTS = YES;
				CLANG_WARN_EMPTY_BODY = YES;
				CLANG_WARN_ENUM_CONVERSION = YES;
				CLANG_WARN_INFINITE_RECURSION = YES;
				CLANG_WARN_INT_CONVERSION = YES;
				CLANG_WARN_NON_LITERAL_NULL_CONVERSION = YES;
				CLANG_WARN_OBJC_LITERAL_CONVERSION = YES;
				CLANG_WARN_OBJC_ROOT_CLASS = YES_ERROR;
				CLANG_WARN_RANGE_LOOP_ANALYSIS = YES;
				CLANG_WARN_STRICT_PROTOTYPES = YES;
				CLANG_WARN_SUSPICIOUS_MOVE = YES;
				CLANG_WARN_UNGUARDED_AVAILABILITY = YES_AGGRESSIVE;
				CLANG_WARN_UNREACHABLE_CODE = YES;
				CLANG_WARN__DUPLICATE_METHOD_MATCH = YES;
				CODE_SIGN_IDENTITY = "iPhone Developer";
				COPY_PHASE_STRIP = NO;
				DEBUG_INFORMATION_FORMAT = dwarf;
				ENABLE_STRICT_OBJC_MSGSEND = YES;
				ENABLE_TESTABILITY = YES;
				GCC_C_LANGUAGE_STANDARD = gnu11;
				GCC_DYNAMIC_NO_PIC = NO;
				GCC_NO_COMMON_BLOCKS = YES;
				GCC_OPTIMIZATION_LEVEL = 0;
				GCC_PREPROCESSOR_DEFINITIONS = (
					"DEBUG=1",
					"$(inherited)",
				);
				GCC_WARN_64_TO_32_BIT_CONVERSION = YES;
				GCC_WARN_ABOUT_RETURN_TYPE = YES_ERROR;
				GCC_WARN_UNDECLARED_SELECTOR = YES;
				GCC_WARN_UNINITIALIZED_AUTOS = YES_AGGRESSIVE;
				GCC_WARN_UNUSED_FUNCTION = YES;
				GCC_WARN_UNUSED_VARIABLE = YES;
				IPHONEOS_DEPLOYMENT_TARGET = 11.0;
				MTL_ENABLE_DEBUG_INFO = YES;
				ONLY_ACTIVE_ARCH = YES;
				SDKROOT = iphoneos;
				SWIFT_ACTIVE_COMPILATION_CONDITIONS = DEBUG;
				SWIFT_OPTIMIZATION_LEVEL = "-Onone";
			};
			name = Debug;
		};
		33D000331FB650C600F8490C /* Release */ = {
			isa = XCBuildConfiguration;
			buildSettings = {
				ALWAYS_SEARCH_USER_PATHS = NO;
				CLANG_ANALYZER_NONNULL = YES;
				CLANG_ANALYZER_NUMBER_OBJECT_CONVERSION = YES_AGGRESSIVE;
				CLANG_CXX_LANGUAGE_STANDARD = "gnu++14";
				CLANG_CXX_LIBRARY = "libc++";
				CLANG_ENABLE_MODULES = YES;
				CLANG_ENABLE_OBJC_ARC = YES;
				CLANG_WARN_BLOCK_CAPTURE_AUTORELEASING = YES;
				CLANG_WARN_BOOL_CONVERSION = YES;
				CLANG_WARN_COMMA = YES;
				CLANG_WARN_CONSTANT_CONVERSION = YES;
				CLANG_WARN_DIRECT_OBJC_ISA_USAGE = YES_ERROR;
				CLANG_WARN_DOCUMENTATION_COMMENTS = YES;
				CLANG_WARN_EMPTY_BODY = YES;
				CLANG_WARN_ENUM_CONVERSION = YES;
				CLANG_WARN_INFINITE_RECURSION = YES;
				CLANG_WARN_INT_CONVERSION = YES;
				CLANG_WARN_NON_LITERAL_NULL_CONVERSION = YES;
				CLANG_WARN_OBJC_LITERAL_CONVERSION = YES;
				CLANG_WARN_OBJC_ROOT_CLASS = YES_ERROR;
				CLANG_WARN_RANGE_LOOP_ANALYSIS = YES;
				CLANG_WARN_STRICT_PROTOTYPES = YES;
				CLANG_WARN_SUSPICIOUS_MOVE = YES;
				CLANG_WARN_UNGUARDED_AVAILABILITY = YES_AGGRESSIVE;
				CLANG_WARN_UNREACHABLE_CODE = YES;
				CLANG_WARN__DUPLICATE_METHOD_MATCH = YES;
				CODE_SIGN_IDENTITY = "iPhone Developer";
				COPY_PHASE_STRIP = NO;
				DEBUG_INFORMATION_FORMAT = "dwarf-with-dsym";
				ENABLE_NS_ASSERTIONS = NO;
				ENABLE_STRICT_OBJC_MSGSEND = YES;
				GCC_C_LANGUAGE_STANDARD = gnu11;
				GCC_NO_COMMON_BLOCKS = YES;
				GCC_WARN_64_TO_32_BIT_CONVERSION = YES;
				GCC_WARN_ABOUT_RETURN_TYPE = YES_ERROR;
				GCC_WARN_UNDECLARED_SELECTOR = YES;
				GCC_WARN_UNINITIALIZED_AUTOS = YES_AGGRESSIVE;
				GCC_WARN_UNUSED_FUNCTION = YES;
				GCC_WARN_UNUSED_VARIABLE = YES;
				IPHONEOS_DEPLOYMENT_TARGET = 11.0;
				MTL_ENABLE_DEBUG_INFO = NO;
				SDKROOT = iphoneos;
				SWIFT_OPTIMIZATION_LEVEL = "-Owholemodule";
				VALIDATE_PRODUCT = YES;
			};
			name = Release;
		};
		33D000351FB650C600F8490C /* Debug */ = {
			isa = XCBuildConfiguration;
			buildSettings = {
				ASSETCATALOG_COMPILER_APPICON_NAME = AppIcon;
				CODE_SIGN_STYLE = Automatic;
				INFOPLIST_FILE = BinaryCounter4/Info.plist;
				LD_RUNPATH_SEARCH_PATHS = "$(inherited) @executable_path/Frameworks";
				PRODUCT_BUNDLE_IDENTIFIER = kio.BinaryCounter4;
				PRODUCT_NAME = "$(TARGET_NAME)";
				SWIFT_VERSION = 4.0;
				TARGETED_DEVICE_FAMILY = "1,2";
			};
			name = Debug;
		};
		33D000361FB650C600F8490C /* Release */ = {
			isa = XCBuildConfiguration;
			buildSettings = {
				ASSETCATALOG_COMPILER_APPICON_NAME = AppIcon;
				CODE_SIGN_STYLE = Automatic;
				INFOPLIST_FILE = BinaryCounter4/Info.plist;
				LD_RUNPATH_SEARCH_PATHS = "$(inherited) @executable_path/Frameworks";
				PRODUCT_BUNDLE_IDENTIFIER = kio.BinaryCounter4;
				PRODUCT_NAME = "$(TARGET_NAME)";
				SWIFT_VERSION = 4.0;
				TARGETED_DEVICE_FAMILY = "1,2";
			};
			name = Release;
		};
		33D000381FB650C600F8490C /* Debug */ = {
			isa = XCBuildConfiguration;
			buildSettings = {
				ALWAYS_EMBED_SWIFT_STANDARD_LIBRARIES = YES;
				BUNDLE_LOADER = "$(TEST_HOST)";
				CODE_SIGN_STYLE = Automatic;
				INFOPLIST_FILE = BinaryCounter4Tests/Info.plist;
				LD_RUNPATH_SEARCH_PATHS = "$(inherited) @executable_path/Frameworks @loader_path/Frameworks";
				PRODUCT_BUNDLE_IDENTIFIER = kio.BinaryCounter4Tests;
				PRODUCT_NAME = "$(TARGET_NAME)";
				SWIFT_VERSION = 4.0;
				TARGETED_DEVICE_FAMILY = "1,2";
				TEST_HOST = "$(BUILT_PRODUCTS_DIR)/BinaryCounter4.app/BinaryCounter4";
			};
			name = Debug;
		};
		33D000391FB650C600F8490C /* Release */ = {
			isa = XCBuildConfiguration;
			buildSettings = {
				ALWAYS_EMBED_SWIFT_STANDARD_LIBRARIES = YES;
				BUNDLE_LOADER = "$(TEST_HOST)";
				CODE_SIGN_STYLE = Automatic;
				INFOPLIST_FILE = BinaryCounter4Tests/Info.plist;
				LD_RUNPATH_SEARCH_PATHS = "$(inherited) @executable_path/Frameworks @loader_path/Frameworks";
				PRODUCT_BUNDLE_IDENTIFIER = kio.BinaryCounter4Tests;
				PRODUCT_NAME = "$(TARGET_NAME)";
				SWIFT_VERSION = 4.0;
				TARGETED_DEVICE_FAMILY = "1,2";
				TEST_HOST = "$(BUILT_PRODUCTS_DIR)/BinaryCounter4.app/BinaryCounter4";
			};
			name = Release;
		};
		33D0003B1FB650C600F8490C /* Debug */ = {
			isa = XCBuildConfiguration;
			buildSettings = {
				ALWAYS_EMBED_SWIFT_STANDARD_LIBRARIES = YES;
				CODE_SIGN_STYLE = Automatic;
				INFOPLIST_FILE = BinaryCounter4UITests/Info.plist;
				LD_RUNPATH_SEARCH_PATHS = "$(inherited) @executable_path/Frameworks @loader_path/Frameworks";
				PRODUCT_BUNDLE_IDENTIFIER = kio.BinaryCounter4UITests;
				PRODUCT_NAME = "$(TARGET_NAME)";
				SWIFT_VERSION = 4.0;
				TARGETED_DEVICE_FAMILY = "1,2";
				TEST_TARGET_NAME = BinaryCounter4;
			};
			name = Debug;
		};
		33D0003C1FB650C600F8490C /* Release */ = {
			isa = XCBuildConfiguration;
			buildSettings = {
				ALWAYS_EMBED_SWIFT_STANDARD_LIBRARIES = YES;
				CODE_SIGN_STYLE = Automatic;
				INFOPLIST_FILE = BinaryCounter4UITests/Info.plist;
				LD_RUNPATH_SEARCH_PATHS = "$(inherited) @executable_path/Frameworks @loader_path/Frameworks";
				PRODUCT_BUNDLE_IDENTIFIER = kio.BinaryCounter4UITests;
				PRODUCT_NAME = "$(TARGET_NAME)";
				SWIFT_VERSION = 4.0;
				TARGETED_DEVICE_FAMILY = "1,2";
				TEST_TARGET_NAME = BinaryCounter4;
			};
			name = Release;
		};
/* End XCBuildConfiguration section */

/* Begin XCConfigurationList section */
		33D000041FB650C600F8490C /* Build configuration list for PBXProject "BinaryCounter4" */ = {
			isa = XCConfigurationList;
			buildConfigurations = (
				33D000321FB650C600F8490C /* Debug */,
				33D000331FB650C600F8490C /* Release */,
			);
			defaultConfigurationIsVisible = 0;
			defaultConfigurationName = Release;
		};
		33D000341FB650C600F8490C /* Build configuration list for PBXNativeTarget "BinaryCounter4" */ = {
			isa = XCConfigurationList;
			buildConfigurations = (
				33D000351FB650C600F8490C /* Debug */,
				33D000361FB650C600F8490C /* Release */,
			);
			defaultConfigurationIsVisible = 0;
			defaultConfigurationName = Release;
		};
		33D000371FB650C600F8490C /* Build configuration list for PBXNativeTarget "BinaryCounter4Tests" */ = {
			isa = XCConfigurationList;
			buildConfigurations = (
				33D000381FB650C600F8490C /* Debug */,
				33D000391FB650C600F8490C /* Release */,
			);
			defaultConfigurationIsVisible = 0;
			defaultConfigurationName = Release;
		};
		33D0003A1FB650C600F8490C /* Build configuration list for PBXNativeTarget "BinaryCounter4UITests" */ = {
			isa = XCConfigurationList;
			buildConfigurations = (
				33D0003B1FB650C600F8490C /* Debug */,
				33D0003C1FB650C600F8490C /* Release */,
			);
			defaultConfigurationIsVisible = 0;
			defaultConfigurationName = Release;
		};
/* End XCConfigurationList section */

/* Begin XCVersionGroup section */
		33D000131FB650C600F8490C /* BinaryCounter4.xcdatamodeld */ = {
			isa = XCVersionGroup;
			children = (
				33D000141FB650C600F8490C /* BinaryCounter4.xcdatamodel */,
			);
			currentVersion = 33D000141FB650C600F8490C /* BinaryCounter4.xcdatamodel */;
			path = BinaryCounter4.xcdatamodeld;
			sourceTree = "<group>";
			versionGroupType = wrapper.xcdatamodel;
		};
/* End XCVersionGroup section */
	};
	rootObject = 33D000011FB650C600F8490C /* Project object */;
}
